
Microsoft Visual Studio Solution File, Format Version 12.00
# Visual Studio 15
VisualStudioVersion = 15.0.26430.12
MinimumVisualStudioVersion = 10.0.40219.1
Project("{FAE04EC0-301F-11D3-BF4B-00C04F79EFBC}") = "ImagePickerSample", "ImagePickerSample\ImagePickerSample\ImagePickerSample.csproj", "{32604BA7-38B3-4BEE-824A-53A00E3B425C}"
EndProject
Project("{FAE04EC0-301F-11D3-BF4B-00C04F79EFBC}") = "ImagePickerSample.Droid", "ImagePickerSample\ImagePickerSample.Droid\ImagePickerSample.Droid.csproj", "{B24ABEB7-0549-4A03-8787-85E49A7D0DAE}"
EndProject
Project("{FAE04EC0-301F-11D3-BF4B-00C04F79EFBC}") = "ImagePickerSample.iOS", "ImagePickerSample\ImagePickerSample.iOS\ImagePickerSample.iOS.csproj", "{316B75E1-C3A3-460E-A742-89F01F261C56}"
EndProject
Global
	GlobalSection(SolutionConfigurationPlatforms) = preSolution
		Ad-Hoc|Any CPU = Ad-Hoc|Any CPU
		Ad-Hoc|ARM = Ad-Hoc|ARM
		Ad-Hoc|iPhone = Ad-Hoc|iPhone
		Ad-Hoc|iPhoneSimulator = Ad-Hoc|iPhoneSimulator
		Ad-Hoc|x64 = Ad-Hoc|x64
		Ad-Hoc|x86 = Ad-Hoc|x86
		AppStore|Any CPU = AppStore|Any CPU
		AppStore|ARM = AppStore|ARM
		AppStore|iPhone = AppStore|iPhone
		AppStore|iPhoneSimulator = AppStore|iPhoneSimulator
		AppStore|x64 = AppStore|x64
		AppStore|x86 = AppStore|x86
		Debug|Any CPU = Debug|Any CPU
		Debug|ARM = Debug|ARM
		Debug|iPhone = Debug|iPhone
		Debug|iPhoneSimulator = Debug|iPhoneSimulator
		Debug|x64 = Debug|x64
		Debug|x86 = Debug|x86
		Release|Any CPU = Release|Any CPU
		Release|ARM = Release|ARM
		Release|iPhone = Release|iPhone
		Release|iPhoneSimulator = Release|iPhoneSimulator
		Release|x64 = Release|x64
		Release|x86 = Release|x86
	EndGlobalSection
	GlobalSection(ProjectConfigurationPlatforms) = postSolution
		{32604BA7-38B3-4BEE-824A-53A00E3B425C}.Ad-Hoc|Any CPU.ActiveCfg = Release|Any CPU
		{32604BA7-38B3-4BEE-824A-53A00E3B425C}.Ad-Hoc|Any CPU.Build.0 = Release|Any CPU
		{32604BA7-38B3-4BEE-824A-53A00E3B425C}.Ad-Hoc|ARM.ActiveCfg = Release|Any CPU
		{32604BA7-38B3-4BEE-824A-53A00E3B425C}.Ad-Hoc|ARM.Build.0 = Release|Any CPU
		{32604BA7-38B3-4BEE-824A-53A00E3B425C}.Ad-Hoc|iPhone.ActiveCfg = Release|Any CPU
		{32604BA7-38B3-4BEE-824A-53A00E3B425C}.Ad-Hoc|iPhone.Build.0 = Release|Any CPU
		{32604BA7-38B3-4BEE-824A-53A00E3B425C}.Ad-Hoc|iPhoneSimulator.ActiveCfg = Release|Any CPU
		{32604BA7-38B3-4BEE-824A-53A00E3B425C}.Ad-Hoc|iPhoneSimulator.Build.0 = Release|Any CPU
		{32604BA7-38B3-4BEE-824A-53A00E3B425C}.Ad-Hoc|x64.ActiveCfg = Release|Any CPU
		{32604BA7-38B3-4BEE-824A-53A00E3B425C}.Ad-Hoc|x64.Build.0 = Release|Any CPU
		{32604BA7-38B3-4BEE-824A-53A00E3B425C}.Ad-Hoc|x86.ActiveCfg = Release|Any CPU
		{32604BA7-38B3-4BEE-824A-53A00E3B425C}.Ad-Hoc|x86.Build.0 = Release|Any CPU
		{32604BA7-38B3-4BEE-824A-53A00E3B425C}.AppStore|Any CPU.ActiveCfg = Release|Any CPU
		{32604BA7-38B3-4BEE-824A-53A00E3B425C}.AppStore|Any CPU.Build.0 = Release|Any CPU
		{32604BA7-38B3-4BEE-824A-53A00E3B425C}.AppStore|ARM.ActiveCfg = Release|Any CPU
		{32604BA7-38B3-4BEE-824A-53A00E3B425C}.AppStore|ARM.Build.0 = Release|Any CPU
		{32604BA7-38B3-4BEE-824A-53A00E3B425C}.AppStore|iPhone.ActiveCfg = Release|Any CPU
		{32604BA7-38B3-4BEE-824A-53A00E3B425C}.AppStore|iPhone.Build.0 = Release|Any CPU
		{32604BA7-38B3-4BEE-824A-53A00E3B425C}.AppStore|iPhoneSimulator.ActiveCfg = Release|Any CPU
		{32604BA7-38B3-4BEE-824A-53A00E3B425C}.AppStore|iPhoneSimulator.Build.0 = Release|Any CPU
		{32604BA7-38B3-4BEE-824A-53A00E3B425C}.AppStore|x64.ActiveCfg = Release|Any CPU
		{32604BA7-38B3-4BEE-824A-53A00E3B425C}.AppStore|x64.Build.0 = Release|Any CPU
		{32604BA7-38B3-4BEE-824A-53A00E3B425C}.AppStore|x86.ActiveCfg = Release|Any CPU
		{32604BA7-38B3-4BEE-824A-53A00E3B425C}.AppStore|x86.Build.0 = Release|Any CPU
		{32604BA7-38B3-4BEE-824A-53A00E3B425C}.Debug|Any CPU.ActiveCfg = Debug|Any CPU
		{32604BA7-38B3-4BEE-824A-53A00E3B425C}.Debug|Any CPU.Build.0 = Debug|Any CPU
		{32604BA7-38B3-4BEE-824A-53A00E3B425C}.Debug|ARM.ActiveCfg = Debug|Any CPU
		{32604BA7-38B3-4BEE-824A-53A00E3B425C}.Debug|ARM.Build.0 = Debug|Any CPU
		{32604BA7-38B3-4BEE-824A-53A00E3B425C}.Debug|iPhone.ActiveCfg = Debug|Any CPU
		{32604BA7-38B3-4BEE-824A-53A00E3B425C}.Debug|iPhone.Build.0 = Debug|Any CPU
		{32604BA7-38B3-4BEE-824A-53A00E3B425C}.Debug|iPhoneSimulator.ActiveCfg = Debug|Any CPU
		{32604BA7-38B3-4BEE-824A-53A00E3B425C}.Debug|iPhoneSimulator.Build.0 = Debug|Any CPU
		{32604BA7-38B3-4BEE-824A-53A00E3B425C}.Debug|x64.ActiveCfg = Debug|Any CPU
		{32604BA7-38B3-4BEE-824A-53A00E3B425C}.Debug|x64.Build.0 = Debug|Any CPU
		{32604BA7-38B3-4BEE-824A-53A00E3B425C}.Debug|x86.ActiveCfg = Debug|Any CPU
		{32604BA7-38B3-4BEE-824A-53A00E3B425C}.Debug|x86.Build.0 = Debug|Any CPU
		{32604BA7-38B3-4BEE-824A-53A00E3B425C}.Release|Any CPU.ActiveCfg = Release|Any CPU
		{32604BA7-38B3-4BEE-824A-53A00E3B425C}.Release|Any CPU.Build.0 = Release|Any CPU
		{32604BA7-38B3-4BEE-824A-53A00E3B425C}.Release|ARM.ActiveCfg = Release|Any CPU
		{32604BA7-38B3-4BEE-824A-53A00E3B425C}.Release|ARM.Build.0 = Release|Any CPU
		{32604BA7-38B3-4BEE-824A-53A00E3B425C}.Release|iPhone.ActiveCfg = Release|Any CPU
		{32604BA7-38B3-4BEE-824A-53A00E3B425C}.Release|iPhone.Build.0 = Release|Any CPU
		{32604BA7-38B3-4BEE-824A-53A00E3B425C}.Release|iPhoneSimulator.ActiveCfg = Release|Any CPU
		{32604BA7-38B3-4BEE-824A-53A00E3B425C}.Release|iPhoneSimulator.Build.0 = Release|Any CPU
		{32604BA7-38B3-4BEE-824A-53A00E3B425C}.Release|x64.ActiveCfg = Release|Any CPU
		{32604BA7-38B3-4BEE-824A-53A00E3B425C}.Release|x64.Build.0 = Release|Any CPU
		{32604BA7-38B3-4BEE-824A-53A00E3B425C}.Release|x86.ActiveCfg = Release|Any CPU
		{32604BA7-38B3-4BEE-824A-53A00E3B425C}.Release|x86.Build.0 = Release|Any CPU
		{B24ABEB7-0549-4A03-8787-85E49A7D0DAE}.Ad-Hoc|Any CPU.ActiveCfg = Release|Any CPU
		{B24ABEB7-0549-4A03-8787-85E49A7D0DAE}.Ad-Hoc|Any CPU.Build.0 = Release|Any CPU
		{B24ABEB7-0549-4A03-8787-85E49A7D0DAE}.Ad-Hoc|Any CPU.Deploy.0 = Release|Any CPU
		{B24ABEB7-0549-4A03-8787-85E49A7D0DAE}.Ad-Hoc|ARM.ActiveCfg = Release|Any CPU
		{B24ABEB7-0549-4A03-8787-85E49A7D0DAE}.Ad-Hoc|ARM.Build.0 = Release|Any CPU
		{B24ABEB7-0549-4A03-8787-85E49A7D0DAE}.Ad-Hoc|ARM.Deploy.0 = Release|Any CPU
		{B24ABEB7-0549-4A03-8787-85E49A7D0DAE}.Ad-Hoc|iPhone.ActiveCfg = Release|Any CPU
		{B24ABEB7-0549-4A03-8787-85E49A7D0DAE}.Ad-Hoc|iPhone.Build.0 = Release|Any CPU
		{B24ABEB7-0549-4A03-8787-85E49A7D0DAE}.Ad-Hoc|iPhone.Deploy.0 = Release|Any CPU
		{B24ABEB7-0549-4A03-8787-85E49A7D0DAE}.Ad-Hoc|iPhoneSimulator.ActiveCfg = Release|Any CPU
		{B24ABEB7-0549-4A03-8787-85E49A7D0DAE}.Ad-Hoc|iPhoneSimulator.Build.0 = Release|Any CPU
		{B24ABEB7-0549-4A03-8787-85E49A7D0DAE}.Ad-Hoc|iPhoneSimulator.Deploy.0 = Release|Any CPU
		{B24ABEB7-0549-4A03-8787-85E49A7D0DAE}.Ad-Hoc|x64.ActiveCfg = Release|Any CPU
		{B24ABEB7-0549-4A03-8787-85E49A7D0DAE}.Ad-Hoc|x64.Build.0 = Release|Any CPU
		{B24ABEB7-0549-4A03-8787-85E49A7D0DAE}.Ad-Hoc|x64.Deploy.0 = Release|Any CPU
		{B24ABEB7-0549-4A03-8787-85E49A7D0DAE}.Ad-Hoc|x86.ActiveCfg = Release|Any CPU
		{B24ABEB7-0549-4A03-8787-85E49A7D0DAE}.Ad-Hoc|x86.Build.0 = Release|Any CPU
		{B24ABEB7-0549-4A03-8787-85E49A7D0DAE}.Ad-Hoc|x86.Deploy.0 = Release|Any CPU
		{B24ABEB7-0549-4A03-8787-85E49A7D0DAE}.AppStore|Any CPU.ActiveCfg = Release|Any CPU
		{B24ABEB7-0549-4A03-8787-85E49A7D0DAE}.AppStore|Any CPU.Build.0 = Release|Any CPU
		{B24ABEB7-0549-4A03-8787-85E49A7D0DAE}.AppStore|Any CPU.Deploy.0 = Release|Any CPU
		{B24ABEB7-0549-4A03-8787-85E49A7D0DAE}.AppStore|ARM.ActiveCfg = Release|Any CPU
		{B24ABEB7-0549-4A03-8787-85E49A7D0DAE}.AppStore|ARM.Build.0 = Release|Any CPU
		{B24ABEB7-0549-4A03-8787-85E49A7D0DAE}.AppStore|ARM.Deploy.0 = Release|Any CPU
		{B24ABEB7-0549-4A03-8787-85E49A7D0DAE}.AppStore|iPhone.ActiveCfg = Release|Any CPU
		{B24ABEB7-0549-4A03-8787-85E49A7D0DAE}.AppStore|iPhone.Build.0 = Release|Any CPU
		{B24ABEB7-0549-4A03-8787-85E49A7D0DAE}.AppStore|iPhone.Deploy.0 = Release|Any CPU
		{B24ABEB7-0549-4A03-8787-85E49A7D0DAE}.AppStore|iPhoneSimulator.ActiveCfg = Release|Any CPU
		{B24ABEB7-0549-4A03-8787-85E49A7D0DAE}.AppStore|iPhoneSimulator.Build.0 = Release|Any CPU
		{B24ABEB7-0549-4A03-8787-85E49A7D0DAE}.AppStore|iPhoneSimulator.Deploy.0 = Release|Any CPU
		{B24ABEB7-0549-4A03-8787-85E49A7D0DAE}.AppStore|x64.ActiveCfg = Release|Any CPU
		{B24ABEB7-0549-4A03-8787-85E49A7D0DAE}.AppStore|x64.Build.0 = Release|Any CPU
		{B24ABEB7-0549-4A03-8787-85E49A7D0DAE}.AppStore|x64.Deploy.0 = Release|Any CPU
		{B24ABEB7-0549-4A03-8787-85E49A7D0DAE}.AppStore|x86.ActiveCfg = Release|Any CPU
		{B24ABEB7-0549-4A03-8787-85E49A7D0DAE}.AppStore|x86.Build.0 = Release|Any CPU
		{B24ABEB7-0549-4A03-8787-85E49A7D0DAE}.AppStore|x86.Deploy.0 = Release|Any CPU
		{B24ABEB7-0549-4A03-8787-85E49A7D0DAE}.Debug|Any CPU.ActiveCfg = Debug|Any CPU
		{B24ABEB7-0549-4A03-8787-85E49A7D0DAE}.Debug|Any CPU.Build.0 = Debug|Any CPU
		{B24ABEB7-0549-4A03-8787-85E49A7D0DAE}.Debug|Any CPU.Deploy.0 = Debug|Any CPU
		{B24ABEB7-0549-4A03-8787-85E49A7D0DAE}.Debug|ARM.ActiveCfg = Debug|Any CPU
		{B24ABEB7-0549-4A03-8787-85E49A7D0DAE}.Debug|ARM.Build.0 = Debug|Any CPU
		{B24ABEB7-0549-4A03-8787-85E49A7D0DAE}.Debug|ARM.Deploy.0 = Debug|Any CPU
		{B24ABEB7-0549-4A03-8787-85E49A7D0DAE}.Debug|iPhone.ActiveCfg = Debug|Any CPU
		{B24ABEB7-0549-4A03-8787-85E49A7D0DAE}.Debug|iPhone.Build.0 = Debug|Any CPU
		{B24ABEB7-0549-4A03-8787-85E49A7D0DAE}.Debug|iPhone.Deploy.0 = Debug|Any CPU
		{B24ABEB7-0549-4A03-8787-85E49A7D0DAE}.Debug|iPhoneSimulator.ActiveCfg = Debug|Any CPU
		{B24ABEB7-0549-4A03-8787-85E49A7D0DAE}.Debug|iPhoneSimulator.Build.0 = Debug|Any CPU
		{B24ABEB7-0549-4A03-8787-85E49A7D0DAE}.Debug|iPhoneSimulator.Deploy.0 = Debug|Any CPU
		{B24ABEB7-0549-4A03-8787-85E49A7D0DAE}.Debug|x64.ActiveCfg = Debug|Any CPU
		{B24ABEB7-0549-4A03-8787-85E49A7D0DAE}.Debug|x64.Build.0 = Debug|Any CPU
		{B24ABEB7-0549-4A03-8787-85E49A7D0DAE}.Debug|x64.Deploy.0 = Debug|Any CPU
		{B24ABEB7-0549-4A03-8787-85E49A7D0DAE}.Debug|x86.ActiveCfg = Debug|Any CPU
		{B24ABEB7-0549-4A03-8787-85E49A7D0DAE}.Debug|x86.Build.0 = Debug|Any CPU
		{B24ABEB7-0549-4A03-8787-85E49A7D0DAE}.Debug|x86.Deploy.0 = Debug|Any CPU
		{B24ABEB7-0549-4A03-8787-85E49A7D0DAE}.Release|Any CPU.ActiveCfg = Release|Any CPU
		{B24ABEB7-0549-4A03-8787-85E49A7D0DAE}.Release|Any CPU.Build.0 = Release|Any CPU
		{B24ABEB7-0549-4A03-8787-85E49A7D0DAE}.Release|Any CPU.Deploy.0 = Release|Any CPU
		{B24ABEB7-0549-4A03-8787-85E49A7D0DAE}.Release|ARM.ActiveCfg = Release|Any CPU
		{B24ABEB7-0549-4A03-8787-85E49A7D0DAE}.Release|ARM.Build.0 = Release|Any CPU
		{B24ABEB7-0549-4A03-8787-85E49A7D0DAE}.Release|ARM.Deploy.0 = Release|Any CPU
		{B24ABEB7-0549-4A03-8787-85E49A7D0DAE}.Release|iPhone.ActiveCfg = Release|Any CPU
		{B24ABEB7-0549-4A03-8787-85E49A7D0DAE}.Release|iPhone.Build.0 = Release|Any CPU
		{B24ABEB7-0549-4A03-8787-85E49A7D0DAE}.Release|iPhone.Deploy.0 = Release|Any CPU
		{B24ABEB7-0549-4A03-8787-85E49A7D0DAE}.Release|iPhoneSimulator.ActiveCfg = Release|Any CPU
		{B24ABEB7-0549-4A03-8787-85E49A7D0DAE}.Release|iPhoneSimulator.Build.0 = Release|Any CPU
		{B24ABEB7-0549-4A03-8787-85E49A7D0DAE}.Release|iPhoneSimulator.Deploy.0 = Release|Any CPU
		{B24ABEB7-0549-4A03-8787-85E49A7D0DAE}.Release|x64.ActiveCfg = Release|Any CPU
		{B24ABEB7-0549-4A03-8787-85E49A7D0DAE}.Release|x64.Build.0 = Release|Any CPU
		{B24ABEB7-0549-4A03-8787-85E49A7D0DAE}.Release|x64.Deploy.0 = Release|Any CPU
		{B24ABEB7-0549-4A03-8787-85E49A7D0DAE}.Release|x86.ActiveCfg = Release|Any CPU
		{B24ABEB7-0549-4A03-8787-85E49A7D0DAE}.Release|x86.Build.0 = Release|Any CPU
		{B24ABEB7-0549-4A03-8787-85E49A7D0DAE}.Release|x86.Deploy.0 = Release|Any CPU
		{316B75E1-C3A3-460E-A742-89F01F261C56}.Ad-Hoc|Any CPU.ActiveCfg = Ad-Hoc|iPhone
		{316B75E1-C3A3-460E-A742-89F01F261C56}.Ad-Hoc|ARM.ActiveCfg = Ad-Hoc|iPhone
		{316B75E1-C3A3-460E-A742-89F01F261C56}.Ad-Hoc|iPhone.ActiveCfg = Ad-Hoc|iPhone
		{316B75E1-C3A3-460E-A742-89F01F261C56}.Ad-Hoc|iPhone.Build.0 = Ad-Hoc|iPhone
		{316B75E1-C3A3-460E-A742-89F01F261C56}.Ad-Hoc|iPhoneSimulator.ActiveCfg = Ad-Hoc|iPhoneSimulator
		{316B75E1-C3A3-460E-A742-89F01F261C56}.Ad-Hoc|iPhoneSimulator.Build.0 = Ad-Hoc|iPhoneSimulator
		{316B75E1-C3A3-460E-A742-89F01F261C56}.Ad-Hoc|x64.ActiveCfg = Ad-Hoc|iPhone
		{316B75E1-C3A3-460E-A742-89F01F261C56}.Ad-Hoc|x86.ActiveCfg = Ad-Hoc|iPhone
		{316B75E1-C3A3-460E-A742-89F01F261C56}.AppStore|Any CPU.ActiveCfg = AppStore|iPhone
		{316B75E1-C3A3-460E-A742-89F01F261C56}.AppStore|ARM.ActiveCfg = AppStore|iPhone
		{316B75E1-C3A3-460E-A742-89F01F261C56}.AppStore|iPhone.ActiveCfg = AppStore|iPhone
		{316B75E1-C3A3-460E-A742-89F01F261C56}.AppStore|iPhone.Build.0 = AppStore|iPhone
		{316B75E1-C3A3-460E-A742-89F01F261C56}.AppStore|iPhoneSimulator.ActiveCfg = AppStore|iPhoneSimulator
		{316B75E1-C3A3-460E-A742-89F01F261C56}.AppStore|iPhoneSimulator.Build.0 = AppStore|iPhoneSimulator
		{316B75E1-C3A3-460E-A742-89F01F261C56}.AppStore|x64.ActiveCfg = AppStore|iPhone
		{316B75E1-C3A3-460E-A742-89F01F261C56}.AppStore|x86.ActiveCfg = AppStore|iPhone
		{316B75E1-C3A3-460E-A742-89F01F261C56}.Debug|Any CPU.ActiveCfg = Debug|iPhone
		{316B75E1-C3A3-460E-A742-89F01F261C56}.Debug|ARM.ActiveCfg = Debug|iPhone
		{316B75E1-C3A3-460E-A742-89F01F261C56}.Debug|iPhone.ActiveCfg = Debug|iPhone
		{316B75E1-C3A3-460E-A742-89F01F261C56}.Debug|iPhone.Build.0 = Debug|iPhone
		{316B75E1-C3A3-460E-A742-89F01F261C56}.Debug|iPhoneSimulator.ActiveCfg = Debug|iPhoneSimulator
		{316B75E1-C3A3-460E-A742-89F01F261C56}.Debug|iPhoneSimulator.Build.0 = Debug|iPhoneSimulator
		{316B75E1-C3A3-460E-A742-89F01F261C56}.Debug|x64.ActiveCfg = Debug|iPhone
		{316B75E1-C3A3-460E-A742-89F01F261C56}.Debug|x86.ActiveCfg = Debug|iPhone
		{316B75E1-C3A3-460E-A742-89F01F261C56}.Release|Any CPU.ActiveCfg = Release|iPhone
		{316B75E1-C3A3-460E-A742-89F01F261C56}.Release|ARM.ActiveCfg = Release|iPhone
		{316B75E1-C3A3-460E-A742-89F01F261C56}.Release|iPhone.ActiveCfg = Release|iPhone
		{316B75E1-C3A3-460E-A742-89F01F261C56}.Release|iPhone.Build.0 = Release|iPhone
		{316B75E1-C3A3-460E-A742-89F01F261C56}.Release|iPhoneSimulator.ActiveCfg = Release|iPhoneSimulator
		{316B75E1-C3A3-460E-A742-89F01F261C56}.Release|iPhoneSimulator.Build.0 = Release|iPhoneSimulator
		{316B75E1-C3A3-460E-A742-89F01F261C56}.Release|x64.ActiveCfg = Release|iPhone
		{316B75E1-C3A3-460E-A742-89F01F261C56}.Release|x86.ActiveCfg = Release|iPhone
	EndGlobalSection
	GlobalSection(SolutionProperties) = preSolution
		HideSolutionNode = FALSE
	EndGlobalSection
EndGlobal
