
Microsoft Visual Studio Solution File, Format Version 12.00
# Visual Studio 15
VisualStudioVersion = 15.0.26403.7
MinimumVisualStudioVersion = 10.0.40219.1
Project("{FAE04EC0-301F-11D3-BF4B-00C04F79EFBC}") = "HelloXamarin_iOS", "HelloXamarin_iOS\HelloXamarin_iOS.csproj", "{7AB058C1-58D3-4B0F-9030-81790C6002B0}"
EndProject
Global
	GlobalSection(SolutionConfigurationPlatforms) = preSolution
		Ad-Hoc|iPhone = Ad-Hoc|iPhone
		Ad-Hoc|iPhoneSimulator = Ad-Hoc|iPhoneSimulator
		AppStore|iPhone = AppStore|iPhone
		AppStore|iPhoneSimulator = AppStore|iPhoneSimulator
		Debug|iPhone = Debug|iPhone
		Debug|iPhoneSimulator = Debug|iPhoneSimulator
		Release|iPhone = Release|iPhone
		Release|iPhoneSimulator = Release|iPhoneSimulator
	EndGlobalSection
	GlobalSection(ProjectConfigurationPlatforms) = postSolution
		{7AB058C1-58D3-4B0F-9030-81790C6002B0}.Ad-Hoc|iPhone.ActiveCfg = Ad-Hoc|iPhone
		{7AB058C1-58D3-4B0F-9030-81790C6002B0}.Ad-Hoc|iPhone.Build.0 = Ad-Hoc|iPhone
		{7AB058C1-58D3-4B0F-9030-81790C6002B0}.Ad-Hoc|iPhoneSimulator.ActiveCfg = Ad-Hoc|iPhoneSimulator
		{7AB058C1-58D3-4B0F-9030-81790C6002B0}.Ad-Hoc|iPhoneSimulator.Build.0 = Ad-Hoc|iPhoneSimulator
		{7AB058C1-58D3-4B0F-9030-81790C6002B0}.AppStore|iPhone.ActiveCfg = AppStore|iPhone
		{7AB058C1-58D3-4B0F-9030-81790C6002B0}.AppStore|iPhone.Build.0 = AppStore|iPhone
		{7AB058C1-58D3-4B0F-9030-81790C6002B0}.AppStore|iPhoneSimulator.ActiveCfg = AppStore|iPhoneSimulator
		{7AB058C1-58D3-4B0F-9030-81790C6002B0}.AppStore|iPhoneSimulator.Build.0 = AppStore|iPhoneSimulator
		{7AB058C1-58D3-4B0F-9030-81790C6002B0}.Debug|iPhone.ActiveCfg = Debug|iPhone
		{7AB058C1-58D3-4B0F-9030-81790C6002B0}.Debug|iPhone.Build.0 = Debug|iPhone
		{7AB058C1-58D3-4B0F-9030-81790C6002B0}.Debug|iPhoneSimulator.ActiveCfg = Debug|iPhoneSimulator
		{7AB058C1-58D3-4B0F-9030-81790C6002B0}.Debug|iPhoneSimulator.Build.0 = Debug|iPhoneSimulator
		{7AB058C1-58D3-4B0F-9030-81790C6002B0}.Release|iPhone.ActiveCfg = Release|iPhone
		{7AB058C1-58D3-4B0F-9030-81790C6002B0}.Release|iPhone.Build.0 = Release|iPhone
		{7AB058C1-58D3-4B0F-9030-81790C6002B0}.Release|iPhoneSimulator.ActiveCfg = Release|iPhoneSimulator
		{7AB058C1-58D3-4B0F-9030-81790C6002B0}.Release|iPhoneSimulator.Build.0 = Release|iPhoneSimulator
	EndGlobalSection
	GlobalSection(SolutionProperties) = preSolution
		HideSolutionNode = FALSE
	EndGlobalSection
EndGlobal
