
Microsoft Visual Studio Solution File, Format Version 12.00
# Visual Studio 14
VisualStudioVersion = 14.0.25420.1
MinimumVisualStudioVersion = 10.0.40219.1
Project("{FAE04EC0-301F-11D3-BF4B-00C04F79EFBC}") = "HelloXamarin_Forms.Android", "HelloXamarin_Forms\HelloXamarin_Forms.Android\HelloXamarin_Forms.Android.csproj", "{8209695D-1E41-4DCC-8D08-55D5B0DAF05C}"
EndProject
Project("{FAE04EC0-301F-11D3-BF4B-00C04F79EFBC}") = "HelloXamarin_Forms", "HelloXamarin_Forms\HelloXamarin_Forms\HelloXamarin_Forms.csproj", "{8CF2C84B-F83C-496D-8EB1-217DB2B3540E}"
EndProject
Project("{FAE04EC0-301F-11D3-BF4B-00C04F79EFBC}") = "HelloXamarin_Forms.UWP", "HelloXamarin_Forms\HelloXamarin_Forms.UWP\HelloXamarin_Forms.UWP.csproj", "{8AA170BE-0386-4C4D-87B8-02F89AE57683}"
EndProject
Project("{FAE04EC0-301F-11D3-BF4B-00C04F79EFBC}") = "HelloXamarin_Forms.iOS", "HelloXamarin_Forms\HelloXamarin_Forms.iOS\HelloXamarin_Forms.iOS.csproj", "{DAD4E2EE-2B56-4937-B0E9-2437C91A7AED}"
EndProject
Global
	GlobalSection(SolutionConfigurationPlatforms) = preSolution
		Ad-Hoc|Any CPU = Ad-Hoc|Any CPU
		Ad-Hoc|ARM = Ad-Hoc|ARM
		Ad-Hoc|iPhone = Ad-Hoc|iPhone
		Ad-Hoc|iPhoneSimulator = Ad-Hoc|iPhoneSimulator
		Ad-Hoc|x64 = Ad-Hoc|x64
		Ad-Hoc|x86 = Ad-Hoc|x86
		AppStore|Any CPU = AppStore|Any CPU
		AppStore|ARM = AppStore|ARM
		AppStore|iPhone = AppStore|iPhone
		AppStore|iPhoneSimulator = AppStore|iPhoneSimulator
		AppStore|x64 = AppStore|x64
		AppStore|x86 = AppStore|x86
		Debug|Any CPU = Debug|Any CPU
		Debug|ARM = Debug|ARM
		Debug|iPhone = Debug|iPhone
		Debug|iPhoneSimulator = Debug|iPhoneSimulator
		Debug|x64 = Debug|x64
		Debug|x86 = Debug|x86
		Release|Any CPU = Release|Any CPU
		Release|ARM = Release|ARM
		Release|iPhone = Release|iPhone
		Release|iPhoneSimulator = Release|iPhoneSimulator
		Release|x64 = Release|x64
		Release|x86 = Release|x86
	EndGlobalSection
	GlobalSection(ProjectConfigurationPlatforms) = postSolution
		{8209695D-1E41-4DCC-8D08-55D5B0DAF05C}.Ad-Hoc|Any CPU.ActiveCfg = Release|Any CPU
		{8209695D-1E41-4DCC-8D08-55D5B0DAF05C}.Ad-Hoc|Any CPU.Build.0 = Release|Any CPU
		{8209695D-1E41-4DCC-8D08-55D5B0DAF05C}.Ad-Hoc|Any CPU.Deploy.0 = Release|Any CPU
		{8209695D-1E41-4DCC-8D08-55D5B0DAF05C}.Ad-Hoc|ARM.ActiveCfg = Release|Any CPU
		{8209695D-1E41-4DCC-8D08-55D5B0DAF05C}.Ad-Hoc|ARM.Build.0 = Release|Any CPU
		{8209695D-1E41-4DCC-8D08-55D5B0DAF05C}.Ad-Hoc|ARM.Deploy.0 = Release|Any CPU
		{8209695D-1E41-4DCC-8D08-55D5B0DAF05C}.Ad-Hoc|iPhone.ActiveCfg = Release|Any CPU
		{8209695D-1E41-4DCC-8D08-55D5B0DAF05C}.Ad-Hoc|iPhone.Build.0 = Release|Any CPU
		{8209695D-1E41-4DCC-8D08-55D5B0DAF05C}.Ad-Hoc|iPhone.Deploy.0 = Release|Any CPU
		{8209695D-1E41-4DCC-8D08-55D5B0DAF05C}.Ad-Hoc|iPhoneSimulator.ActiveCfg = Release|Any CPU
		{8209695D-1E41-4DCC-8D08-55D5B0DAF05C}.Ad-Hoc|iPhoneSimulator.Build.0 = Release|Any CPU
		{8209695D-1E41-4DCC-8D08-55D5B0DAF05C}.Ad-Hoc|iPhoneSimulator.Deploy.0 = Release|Any CPU
		{8209695D-1E41-4DCC-8D08-55D5B0DAF05C}.Ad-Hoc|x64.ActiveCfg = Release|Any CPU
		{8209695D-1E41-4DCC-8D08-55D5B0DAF05C}.Ad-Hoc|x64.Build.0 = Release|Any CPU
		{8209695D-1E41-4DCC-8D08-55D5B0DAF05C}.Ad-Hoc|x64.Deploy.0 = Release|Any CPU
		{8209695D-1E41-4DCC-8D08-55D5B0DAF05C}.Ad-Hoc|x86.ActiveCfg = Release|Any CPU
		{8209695D-1E41-4DCC-8D08-55D5B0DAF05C}.Ad-Hoc|x86.Build.0 = Release|Any CPU
		{8209695D-1E41-4DCC-8D08-55D5B0DAF05C}.Ad-Hoc|x86.Deploy.0 = Release|Any CPU
		{8209695D-1E41-4DCC-8D08-55D5B0DAF05C}.AppStore|Any CPU.ActiveCfg = Release|Any CPU
		{8209695D-1E41-4DCC-8D08-55D5B0DAF05C}.AppStore|Any CPU.Build.0 = Release|Any CPU
		{8209695D-1E41-4DCC-8D08-55D5B0DAF05C}.AppStore|Any CPU.Deploy.0 = Release|Any CPU
		{8209695D-1E41-4DCC-8D08-55D5B0DAF05C}.AppStore|ARM.ActiveCfg = Release|Any CPU
		{8209695D-1E41-4DCC-8D08-55D5B0DAF05C}.AppStore|ARM.Build.0 = Release|Any CPU
		{8209695D-1E41-4DCC-8D08-55D5B0DAF05C}.AppStore|ARM.Deploy.0 = Release|Any CPU
		{8209695D-1E41-4DCC-8D08-55D5B0DAF05C}.AppStore|iPhone.ActiveCfg = Release|Any CPU
		{8209695D-1E41-4DCC-8D08-55D5B0DAF05C}.AppStore|iPhone.Build.0 = Release|Any CPU
		{8209695D-1E41-4DCC-8D08-55D5B0DAF05C}.AppStore|iPhone.Deploy.0 = Release|Any CPU
		{8209695D-1E41-4DCC-8D08-55D5B0DAF05C}.AppStore|iPhoneSimulator.ActiveCfg = Release|Any CPU
		{8209695D-1E41-4DCC-8D08-55D5B0DAF05C}.AppStore|iPhoneSimulator.Build.0 = Release|Any CPU
		{8209695D-1E41-4DCC-8D08-55D5B0DAF05C}.AppStore|iPhoneSimulator.Deploy.0 = Release|Any CPU
		{8209695D-1E41-4DCC-8D08-55D5B0DAF05C}.AppStore|x64.ActiveCfg = Release|Any CPU
		{8209695D-1E41-4DCC-8D08-55D5B0DAF05C}.AppStore|x64.Build.0 = Release|Any CPU
		{8209695D-1E41-4DCC-8D08-55D5B0DAF05C}.AppStore|x64.Deploy.0 = Release|Any CPU
		{8209695D-1E41-4DCC-8D08-55D5B0DAF05C}.AppStore|x86.ActiveCfg = Release|Any CPU
		{8209695D-1E41-4DCC-8D08-55D5B0DAF05C}.AppStore|x86.Build.0 = Release|Any CPU
		{8209695D-1E41-4DCC-8D08-55D5B0DAF05C}.AppStore|x86.Deploy.0 = Release|Any CPU
		{8209695D-1E41-4DCC-8D08-55D5B0DAF05C}.Debug|Any CPU.ActiveCfg = Debug|Any CPU
		{8209695D-1E41-4DCC-8D08-55D5B0DAF05C}.Debug|Any CPU.Build.0 = Debug|Any CPU
		{8209695D-1E41-4DCC-8D08-55D5B0DAF05C}.Debug|Any CPU.Deploy.0 = Debug|Any CPU
		{8209695D-1E41-4DCC-8D08-55D5B0DAF05C}.Debug|ARM.ActiveCfg = Debug|Any CPU
		{8209695D-1E41-4DCC-8D08-55D5B0DAF05C}.Debug|ARM.Build.0 = Debug|Any CPU
		{8209695D-1E41-4DCC-8D08-55D5B0DAF05C}.Debug|ARM.Deploy.0 = Debug|Any CPU
		{8209695D-1E41-4DCC-8D08-55D5B0DAF05C}.Debug|iPhone.ActiveCfg = Debug|Any CPU
		{8209695D-1E41-4DCC-8D08-55D5B0DAF05C}.Debug|iPhone.Build.0 = Debug|Any CPU
		{8209695D-1E41-4DCC-8D08-55D5B0DAF05C}.Debug|iPhone.Deploy.0 = Debug|Any CPU
		{8209695D-1E41-4DCC-8D08-55D5B0DAF05C}.Debug|iPhoneSimulator.ActiveCfg = Debug|Any CPU
		{8209695D-1E41-4DCC-8D08-55D5B0DAF05C}.Debug|iPhoneSimulator.Build.0 = Debug|Any CPU
		{8209695D-1E41-4DCC-8D08-55D5B0DAF05C}.Debug|iPhoneSimulator.Deploy.0 = Debug|Any CPU
		{8209695D-1E41-4DCC-8D08-55D5B0DAF05C}.Debug|x64.ActiveCfg = Debug|Any CPU
		{8209695D-1E41-4DCC-8D08-55D5B0DAF05C}.Debug|x64.Build.0 = Debug|Any CPU
		{8209695D-1E41-4DCC-8D08-55D5B0DAF05C}.Debug|x64.Deploy.0 = Debug|Any CPU
		{8209695D-1E41-4DCC-8D08-55D5B0DAF05C}.Debug|x86.ActiveCfg = Debug|Any CPU
		{8209695D-1E41-4DCC-8D08-55D5B0DAF05C}.Debug|x86.Build.0 = Debug|Any CPU
		{8209695D-1E41-4DCC-8D08-55D5B0DAF05C}.Debug|x86.Deploy.0 = Debug|Any CPU
		{8209695D-1E41-4DCC-8D08-55D5B0DAF05C}.Release|Any CPU.ActiveCfg = Release|Any CPU
		{8209695D-1E41-4DCC-8D08-55D5B0DAF05C}.Release|Any CPU.Build.0 = Release|Any CPU
		{8209695D-1E41-4DCC-8D08-55D5B0DAF05C}.Release|Any CPU.Deploy.0 = Release|Any CPU
		{8209695D-1E41-4DCC-8D08-55D5B0DAF05C}.Release|ARM.ActiveCfg = Release|Any CPU
		{8209695D-1E41-4DCC-8D08-55D5B0DAF05C}.Release|ARM.Build.0 = Release|Any CPU
		{8209695D-1E41-4DCC-8D08-55D5B0DAF05C}.Release|ARM.Deploy.0 = Release|Any CPU
		{8209695D-1E41-4DCC-8D08-55D5B0DAF05C}.Release|iPhone.ActiveCfg = Release|Any CPU
		{8209695D-1E41-4DCC-8D08-55D5B0DAF05C}.Release|iPhone.Build.0 = Release|Any CPU
		{8209695D-1E41-4DCC-8D08-55D5B0DAF05C}.Release|iPhone.Deploy.0 = Release|Any CPU
		{8209695D-1E41-4DCC-8D08-55D5B0DAF05C}.Release|iPhoneSimulator.ActiveCfg = Release|Any CPU
		{8209695D-1E41-4DCC-8D08-55D5B0DAF05C}.Release|iPhoneSimulator.Build.0 = Release|Any CPU
		{8209695D-1E41-4DCC-8D08-55D5B0DAF05C}.Release|iPhoneSimulator.Deploy.0 = Release|Any CPU
		{8209695D-1E41-4DCC-8D08-55D5B0DAF05C}.Release|x64.ActiveCfg = Release|Any CPU
		{8209695D-1E41-4DCC-8D08-55D5B0DAF05C}.Release|x64.Build.0 = Release|Any CPU
		{8209695D-1E41-4DCC-8D08-55D5B0DAF05C}.Release|x64.Deploy.0 = Release|Any CPU
		{8209695D-1E41-4DCC-8D08-55D5B0DAF05C}.Release|x86.ActiveCfg = Release|Any CPU
		{8209695D-1E41-4DCC-8D08-55D5B0DAF05C}.Release|x86.Build.0 = Release|Any CPU
		{8209695D-1E41-4DCC-8D08-55D5B0DAF05C}.Release|x86.Deploy.0 = Release|Any CPU
		{8CF2C84B-F83C-496D-8EB1-217DB2B3540E}.Ad-Hoc|Any CPU.ActiveCfg = Release|Any CPU
		{8CF2C84B-F83C-496D-8EB1-217DB2B3540E}.Ad-Hoc|Any CPU.Build.0 = Release|Any CPU
		{8CF2C84B-F83C-496D-8EB1-217DB2B3540E}.Ad-Hoc|ARM.ActiveCfg = Release|Any CPU
		{8CF2C84B-F83C-496D-8EB1-217DB2B3540E}.Ad-Hoc|ARM.Build.0 = Release|Any CPU
		{8CF2C84B-F83C-496D-8EB1-217DB2B3540E}.Ad-Hoc|iPhone.ActiveCfg = Release|Any CPU
		{8CF2C84B-F83C-496D-8EB1-217DB2B3540E}.Ad-Hoc|iPhone.Build.0 = Release|Any CPU
		{8CF2C84B-F83C-496D-8EB1-217DB2B3540E}.Ad-Hoc|iPhoneSimulator.ActiveCfg = Release|Any CPU
		{8CF2C84B-F83C-496D-8EB1-217DB2B3540E}.Ad-Hoc|iPhoneSimulator.Build.0 = Release|Any CPU
		{8CF2C84B-F83C-496D-8EB1-217DB2B3540E}.Ad-Hoc|x64.ActiveCfg = Release|Any CPU
		{8CF2C84B-F83C-496D-8EB1-217DB2B3540E}.Ad-Hoc|x64.Build.0 = Release|Any CPU
		{8CF2C84B-F83C-496D-8EB1-217DB2B3540E}.Ad-Hoc|x86.ActiveCfg = Release|Any CPU
		{8CF2C84B-F83C-496D-8EB1-217DB2B3540E}.Ad-Hoc|x86.Build.0 = Release|Any CPU
		{8CF2C84B-F83C-496D-8EB1-217DB2B3540E}.AppStore|Any CPU.ActiveCfg = Release|Any CPU
		{8CF2C84B-F83C-496D-8EB1-217DB2B3540E}.AppStore|Any CPU.Build.0 = Release|Any CPU
		{8CF2C84B-F83C-496D-8EB1-217DB2B3540E}.AppStore|ARM.ActiveCfg = Release|Any CPU
		{8CF2C84B-F83C-496D-8EB1-217DB2B3540E}.AppStore|ARM.Build.0 = Release|Any CPU
		{8CF2C84B-F83C-496D-8EB1-217DB2B3540E}.AppStore|iPhone.ActiveCfg = Release|Any CPU
		{8CF2C84B-F83C-496D-8EB1-217DB2B3540E}.AppStore|iPhone.Build.0 = Release|Any CPU
		{8CF2C84B-F83C-496D-8EB1-217DB2B3540E}.AppStore|iPhoneSimulator.ActiveCfg = Release|Any CPU
		{8CF2C84B-F83C-496D-8EB1-217DB2B3540E}.AppStore|iPhoneSimulator.Build.0 = Release|Any CPU
		{8CF2C84B-F83C-496D-8EB1-217DB2B3540E}.AppStore|x64.ActiveCfg = Release|Any CPU
		{8CF2C84B-F83C-496D-8EB1-217DB2B3540E}.AppStore|x64.Build.0 = Release|Any CPU
		{8CF2C84B-F83C-496D-8EB1-217DB2B3540E}.AppStore|x86.ActiveCfg = Release|Any CPU
		{8CF2C84B-F83C-496D-8EB1-217DB2B3540E}.AppStore|x86.Build.0 = Release|Any CPU
		{8CF2C84B-F83C-496D-8EB1-217DB2B3540E}.Debug|Any CPU.ActiveCfg = Debug|Any CPU
		{8CF2C84B-F83C-496D-8EB1-217DB2B3540E}.Debug|Any CPU.Build.0 = Debug|Any CPU
		{8CF2C84B-F83C-496D-8EB1-217DB2B3540E}.Debug|ARM.ActiveCfg = Debug|Any CPU
		{8CF2C84B-F83C-496D-8EB1-217DB2B3540E}.Debug|ARM.Build.0 = Debug|Any CPU
		{8CF2C84B-F83C-496D-8EB1-217DB2B3540E}.Debug|iPhone.ActiveCfg = Debug|Any CPU
		{8CF2C84B-F83C-496D-8EB1-217DB2B3540E}.Debug|iPhone.Build.0 = Debug|Any CPU
		{8CF2C84B-F83C-496D-8EB1-217DB2B3540E}.Debug|iPhoneSimulator.ActiveCfg = Debug|Any CPU
		{8CF2C84B-F83C-496D-8EB1-217DB2B3540E}.Debug|iPhoneSimulator.Build.0 = Debug|Any CPU
		{8CF2C84B-F83C-496D-8EB1-217DB2B3540E}.Debug|x64.ActiveCfg = Debug|Any CPU
		{8CF2C84B-F83C-496D-8EB1-217DB2B3540E}.Debug|x64.Build.0 = Debug|Any CPU
		{8CF2C84B-F83C-496D-8EB1-217DB2B3540E}.Debug|x86.ActiveCfg = Debug|Any CPU
		{8CF2C84B-F83C-496D-8EB1-217DB2B3540E}.Debug|x86.Build.0 = Debug|Any CPU
		{8CF2C84B-F83C-496D-8EB1-217DB2B3540E}.Release|Any CPU.ActiveCfg = Release|Any CPU
		{8CF2C84B-F83C-496D-8EB1-217DB2B3540E}.Release|Any CPU.Build.0 = Release|Any CPU
		{8CF2C84B-F83C-496D-8EB1-217DB2B3540E}.Release|ARM.ActiveCfg = Release|Any CPU
		{8CF2C84B-F83C-496D-8EB1-217DB2B3540E}.Release|ARM.Build.0 = Release|Any CPU
		{8CF2C84B-F83C-496D-8EB1-217DB2B3540E}.Release|iPhone.ActiveCfg = Release|Any CPU
		{8CF2C84B-F83C-496D-8EB1-217DB2B3540E}.Release|iPhone.Build.0 = Release|Any CPU
		{8CF2C84B-F83C-496D-8EB1-217DB2B3540E}.Release|iPhoneSimulator.ActiveCfg = Release|Any CPU
		{8CF2C84B-F83C-496D-8EB1-217DB2B3540E}.Release|iPhoneSimulator.Build.0 = Release|Any CPU
		{8CF2C84B-F83C-496D-8EB1-217DB2B3540E}.Release|x64.ActiveCfg = Release|Any CPU
		{8CF2C84B-F83C-496D-8EB1-217DB2B3540E}.Release|x64.Build.0 = Release|Any CPU
		{8CF2C84B-F83C-496D-8EB1-217DB2B3540E}.Release|x86.ActiveCfg = Release|Any CPU
		{8CF2C84B-F83C-496D-8EB1-217DB2B3540E}.Release|x86.Build.0 = Release|Any CPU
		{8AA170BE-0386-4C4D-87B8-02F89AE57683}.Ad-Hoc|Any CPU.ActiveCfg = Release|x86
		{8AA170BE-0386-4C4D-87B8-02F89AE57683}.Ad-Hoc|Any CPU.Build.0 = Release|x86
		{8AA170BE-0386-4C4D-87B8-02F89AE57683}.Ad-Hoc|Any CPU.Deploy.0 = Release|x86
		{8AA170BE-0386-4C4D-87B8-02F89AE57683}.Ad-Hoc|ARM.ActiveCfg = Release|ARM
		{8AA170BE-0386-4C4D-87B8-02F89AE57683}.Ad-Hoc|ARM.Build.0 = Release|ARM
		{8AA170BE-0386-4C4D-87B8-02F89AE57683}.Ad-Hoc|ARM.Deploy.0 = Release|ARM
		{8AA170BE-0386-4C4D-87B8-02F89AE57683}.Ad-Hoc|iPhone.ActiveCfg = Release|x86
		{8AA170BE-0386-4C4D-87B8-02F89AE57683}.Ad-Hoc|iPhone.Build.0 = Release|x86
		{8AA170BE-0386-4C4D-87B8-02F89AE57683}.Ad-Hoc|iPhone.Deploy.0 = Release|x86
		{8AA170BE-0386-4C4D-87B8-02F89AE57683}.Ad-Hoc|iPhoneSimulator.ActiveCfg = Release|x86
		{8AA170BE-0386-4C4D-87B8-02F89AE57683}.Ad-Hoc|iPhoneSimulator.Build.0 = Release|x86
		{8AA170BE-0386-4C4D-87B8-02F89AE57683}.Ad-Hoc|iPhoneSimulator.Deploy.0 = Release|x86
		{8AA170BE-0386-4C4D-87B8-02F89AE57683}.Ad-Hoc|x64.ActiveCfg = Release|x64
		{8AA170BE-0386-4C4D-87B8-02F89AE57683}.Ad-Hoc|x64.Build.0 = Release|x64
		{8AA170BE-0386-4C4D-87B8-02F89AE57683}.Ad-Hoc|x64.Deploy.0 = Release|x64
		{8AA170BE-0386-4C4D-87B8-02F89AE57683}.Ad-Hoc|x86.ActiveCfg = Release|x86
		{8AA170BE-0386-4C4D-87B8-02F89AE57683}.Ad-Hoc|x86.Build.0 = Release|x86
		{8AA170BE-0386-4C4D-87B8-02F89AE57683}.Ad-Hoc|x86.Deploy.0 = Release|x86
		{8AA170BE-0386-4C4D-87B8-02F89AE57683}.AppStore|Any CPU.ActiveCfg = Release|x86
		{8AA170BE-0386-4C4D-87B8-02F89AE57683}.AppStore|Any CPU.Build.0 = Release|x86
		{8AA170BE-0386-4C4D-87B8-02F89AE57683}.AppStore|Any CPU.Deploy.0 = Release|x86
		{8AA170BE-0386-4C4D-87B8-02F89AE57683}.AppStore|ARM.ActiveCfg = Release|ARM
		{8AA170BE-0386-4C4D-87B8-02F89AE57683}.AppStore|ARM.Build.0 = Release|ARM
		{8AA170BE-0386-4C4D-87B8-02F89AE57683}.AppStore|ARM.Deploy.0 = Release|ARM
		{8AA170BE-0386-4C4D-87B8-02F89AE57683}.AppStore|iPhone.ActiveCfg = Release|x86
		{8AA170BE-0386-4C4D-87B8-02F89AE57683}.AppStore|iPhone.Build.0 = Release|x86
		{8AA170BE-0386-4C4D-87B8-02F89AE57683}.AppStore|iPhone.Deploy.0 = Release|x86
		{8AA170BE-0386-4C4D-87B8-02F89AE57683}.AppStore|iPhoneSimulator.ActiveCfg = Release|x86
		{8AA170BE-0386-4C4D-87B8-02F89AE57683}.AppStore|iPhoneSimulator.Build.0 = Release|x86
		{8AA170BE-0386-4C4D-87B8-02F89AE57683}.AppStore|iPhoneSimulator.Deploy.0 = Release|x86
		{8AA170BE-0386-4C4D-87B8-02F89AE57683}.AppStore|x64.ActiveCfg = Release|x64
		{8AA170BE-0386-4C4D-87B8-02F89AE57683}.AppStore|x64.Build.0 = Release|x64
		{8AA170BE-0386-4C4D-87B8-02F89AE57683}.AppStore|x64.Deploy.0 = Release|x64
		{8AA170BE-0386-4C4D-87B8-02F89AE57683}.AppStore|x86.ActiveCfg = Release|x86
		{8AA170BE-0386-4C4D-87B8-02F89AE57683}.AppStore|x86.Build.0 = Release|x86
		{8AA170BE-0386-4C4D-87B8-02F89AE57683}.AppStore|x86.Deploy.0 = Release|x86
		{8AA170BE-0386-4C4D-87B8-02F89AE57683}.Debug|Any CPU.ActiveCfg = Debug|x86
		{8AA170BE-0386-4C4D-87B8-02F89AE57683}.Debug|ARM.ActiveCfg = Debug|ARM
		{8AA170BE-0386-4C4D-87B8-02F89AE57683}.Debug|ARM.Build.0 = Debug|ARM
		{8AA170BE-0386-4C4D-87B8-02F89AE57683}.Debug|ARM.Deploy.0 = Debug|ARM
		{8AA170BE-0386-4C4D-87B8-02F89AE57683}.Debug|iPhone.ActiveCfg = Debug|x86
		{8AA170BE-0386-4C4D-87B8-02F89AE57683}.Debug|iPhoneSimulator.ActiveCfg = Debug|x86
		{8AA170BE-0386-4C4D-87B8-02F89AE57683}.Debug|x64.ActiveCfg = Debug|x64
		{8AA170BE-0386-4C4D-87B8-02F89AE57683}.Debug|x64.Build.0 = Debug|x64
		{8AA170BE-0386-4C4D-87B8-02F89AE57683}.Debug|x64.Deploy.0 = Debug|x64
		{8AA170BE-0386-4C4D-87B8-02F89AE57683}.Debug|x86.ActiveCfg = Debug|x86
		{8AA170BE-0386-4C4D-87B8-02F89AE57683}.Debug|x86.Build.0 = Debug|x86
		{8AA170BE-0386-4C4D-87B8-02F89AE57683}.Debug|x86.Deploy.0 = Debug|x86
		{8AA170BE-0386-4C4D-87B8-02F89AE57683}.Release|Any CPU.ActiveCfg = Release|x86
		{8AA170BE-0386-4C4D-87B8-02F89AE57683}.Release|ARM.ActiveCfg = Release|ARM
		{8AA170BE-0386-4C4D-87B8-02F89AE57683}.Release|ARM.Build.0 = Release|ARM
		{8AA170BE-0386-4C4D-87B8-02F89AE57683}.Release|ARM.Deploy.0 = Release|ARM
		{8AA170BE-0386-4C4D-87B8-02F89AE57683}.Release|iPhone.ActiveCfg = Release|x86
		{8AA170BE-0386-4C4D-87B8-02F89AE57683}.Release|iPhoneSimulator.ActiveCfg = Release|x86
		{8AA170BE-0386-4C4D-87B8-02F89AE57683}.Release|x64.ActiveCfg = Release|x64
		{8AA170BE-0386-4C4D-87B8-02F89AE57683}.Release|x64.Build.0 = Release|x64
		{8AA170BE-0386-4C4D-87B8-02F89AE57683}.Release|x64.Deploy.0 = Release|x64
		{8AA170BE-0386-4C4D-87B8-02F89AE57683}.Release|x86.ActiveCfg = Release|x86
		{8AA170BE-0386-4C4D-87B8-02F89AE57683}.Release|x86.Build.0 = Release|x86
		{8AA170BE-0386-4C4D-87B8-02F89AE57683}.Release|x86.Deploy.0 = Release|x86
		{DAD4E2EE-2B56-4937-B0E9-2437C91A7AED}.Ad-Hoc|Any CPU.ActiveCfg = Ad-Hoc|iPhone
		{DAD4E2EE-2B56-4937-B0E9-2437C91A7AED}.Ad-Hoc|ARM.ActiveCfg = Ad-Hoc|iPhone
		{DAD4E2EE-2B56-4937-B0E9-2437C91A7AED}.Ad-Hoc|iPhone.ActiveCfg = Ad-Hoc|iPhone
		{DAD4E2EE-2B56-4937-B0E9-2437C91A7AED}.Ad-Hoc|iPhone.Build.0 = Ad-Hoc|iPhone
		{DAD4E2EE-2B56-4937-B0E9-2437C91A7AED}.Ad-Hoc|iPhoneSimulator.ActiveCfg = Ad-Hoc|iPhoneSimulator
		{DAD4E2EE-2B56-4937-B0E9-2437C91A7AED}.Ad-Hoc|iPhoneSimulator.Build.0 = Ad-Hoc|iPhoneSimulator
		{DAD4E2EE-2B56-4937-B0E9-2437C91A7AED}.Ad-Hoc|x64.ActiveCfg = Ad-Hoc|iPhone
		{DAD4E2EE-2B56-4937-B0E9-2437C91A7AED}.Ad-Hoc|x86.ActiveCfg = Ad-Hoc|iPhone
		{DAD4E2EE-2B56-4937-B0E9-2437C91A7AED}.AppStore|Any CPU.ActiveCfg = AppStore|iPhone
		{DAD4E2EE-2B56-4937-B0E9-2437C91A7AED}.AppStore|ARM.ActiveCfg = AppStore|iPhone
		{DAD4E2EE-2B56-4937-B0E9-2437C91A7AED}.AppStore|iPhone.ActiveCfg = AppStore|iPhone
		{DAD4E2EE-2B56-4937-B0E9-2437C91A7AED}.AppStore|iPhone.Build.0 = AppStore|iPhone
		{DAD4E2EE-2B56-4937-B0E9-2437C91A7AED}.AppStore|iPhoneSimulator.ActiveCfg = AppStore|iPhoneSimulator
		{DAD4E2EE-2B56-4937-B0E9-2437C91A7AED}.AppStore|iPhoneSimulator.Build.0 = AppStore|iPhoneSimulator
		{DAD4E2EE-2B56-4937-B0E9-2437C91A7AED}.AppStore|x64.ActiveCfg = AppStore|iPhone
		{DAD4E2EE-2B56-4937-B0E9-2437C91A7AED}.AppStore|x86.ActiveCfg = AppStore|iPhone
		{DAD4E2EE-2B56-4937-B0E9-2437C91A7AED}.Debug|Any CPU.ActiveCfg = Debug|iPhone
		{DAD4E2EE-2B56-4937-B0E9-2437C91A7AED}.Debug|ARM.ActiveCfg = Debug|iPhone
		{DAD4E2EE-2B56-4937-B0E9-2437C91A7AED}.Debug|iPhone.ActiveCfg = Debug|iPhone
		{DAD4E2EE-2B56-4937-B0E9-2437C91A7AED}.Debug|iPhone.Build.0 = Debug|iPhone
		{DAD4E2EE-2B56-4937-B0E9-2437C91A7AED}.Debug|iPhoneSimulator.ActiveCfg = Debug|iPhoneSimulator
		{DAD4E2EE-2B56-4937-B0E9-2437C91A7AED}.Debug|iPhoneSimulator.Build.0 = Debug|iPhoneSimulator
		{DAD4E2EE-2B56-4937-B0E9-2437C91A7AED}.Debug|x64.ActiveCfg = Debug|iPhone
		{DAD4E2EE-2B56-4937-B0E9-2437C91A7AED}.Debug|x86.ActiveCfg = Debug|iPhone
		{DAD4E2EE-2B56-4937-B0E9-2437C91A7AED}.Release|Any CPU.ActiveCfg = Release|iPhone
		{DAD4E2EE-2B56-4937-B0E9-2437C91A7AED}.Release|ARM.ActiveCfg = Release|iPhone
		{DAD4E2EE-2B56-4937-B0E9-2437C91A7AED}.Release|iPhone.ActiveCfg = Release|iPhone
		{DAD4E2EE-2B56-4937-B0E9-2437C91A7AED}.Release|iPhone.Build.0 = Release|iPhone
		{DAD4E2EE-2B56-4937-B0E9-2437C91A7AED}.Release|iPhoneSimulator.ActiveCfg = Release|iPhoneSimulator
		{DAD4E2EE-2B56-4937-B0E9-2437C91A7AED}.Release|iPhoneSimulator.Build.0 = Release|iPhoneSimulator
		{DAD4E2EE-2B56-4937-B0E9-2437C91A7AED}.Release|x64.ActiveCfg = Release|iPhone
		{DAD4E2EE-2B56-4937-B0E9-2437C91A7AED}.Release|x86.ActiveCfg = Release|iPhone
	EndGlobalSection
	GlobalSection(SolutionProperties) = preSolution
		HideSolutionNode = FALSE
	EndGlobalSection
EndGlobal
