
Microsoft Visual Studio Solution File, Format Version 12.00
# Visual Studio 15
VisualStudioVersion = 15.0.26228.9
MinimumVisualStudioVersion = 10.0.40219.1
Project("{FAE04EC0-301F-11D3-BF4B-00C04F79EFBC}") = "OnPlatformSample.Android", "OnPlatformSample\OnPlatformSample.Android\OnPlatformSample.Android.csproj", "{FCD3489F-48AD-4EE0-96B5-E70A70CE6E5A}"
EndProject
Project("{FAE04EC0-301F-11D3-BF4B-00C04F79EFBC}") = "OnPlatformSample", "OnPlatformSample\OnPlatformSample\OnPlatformSample.csproj", "{70E99871-57A7-49C4-9449-C8482C6EA404}"
EndProject
Project("{FAE04EC0-301F-11D3-BF4B-00C04F79EFBC}") = "OnPlatformSample.UWP", "OnPlatformSample\OnPlatformSample.UWP\OnPlatformSample.UWP.csproj", "{CE97685C-644D-49C8-8AB9-90F604ED71DB}"
EndProject
Project("{FAE04EC0-301F-11D3-BF4B-00C04F79EFBC}") = "OnPlatformSample.iOS", "OnPlatformSample\OnPlatformSample.iOS\OnPlatformSample.iOS.csproj", "{08813F3F-9291-4ED1-AB36-E93750BB1D48}"
EndProject
Global
	GlobalSection(SolutionConfigurationPlatforms) = preSolution
		Ad-Hoc|Any CPU = Ad-Hoc|Any CPU
		Ad-Hoc|ARM = Ad-Hoc|ARM
		Ad-Hoc|iPhone = Ad-Hoc|iPhone
		Ad-Hoc|iPhoneSimulator = Ad-Hoc|iPhoneSimulator
		Ad-Hoc|x64 = Ad-Hoc|x64
		Ad-Hoc|x86 = Ad-Hoc|x86
		AppStore|Any CPU = AppStore|Any CPU
		AppStore|ARM = AppStore|ARM
		AppStore|iPhone = AppStore|iPhone
		AppStore|iPhoneSimulator = AppStore|iPhoneSimulator
		AppStore|x64 = AppStore|x64
		AppStore|x86 = AppStore|x86
		Debug|Any CPU = Debug|Any CPU
		Debug|ARM = Debug|ARM
		Debug|iPhone = Debug|iPhone
		Debug|iPhoneSimulator = Debug|iPhoneSimulator
		Debug|x64 = Debug|x64
		Debug|x86 = Debug|x86
		Release|Any CPU = Release|Any CPU
		Release|ARM = Release|ARM
		Release|iPhone = Release|iPhone
		Release|iPhoneSimulator = Release|iPhoneSimulator
		Release|x64 = Release|x64
		Release|x86 = Release|x86
	EndGlobalSection
	GlobalSection(ProjectConfigurationPlatforms) = postSolution
		{FCD3489F-48AD-4EE0-96B5-E70A70CE6E5A}.Ad-Hoc|Any CPU.ActiveCfg = Release|Any CPU
		{FCD3489F-48AD-4EE0-96B5-E70A70CE6E5A}.Ad-Hoc|Any CPU.Build.0 = Release|Any CPU
		{FCD3489F-48AD-4EE0-96B5-E70A70CE6E5A}.Ad-Hoc|Any CPU.Deploy.0 = Release|Any CPU
		{FCD3489F-48AD-4EE0-96B5-E70A70CE6E5A}.Ad-Hoc|ARM.ActiveCfg = Release|Any CPU
		{FCD3489F-48AD-4EE0-96B5-E70A70CE6E5A}.Ad-Hoc|ARM.Build.0 = Release|Any CPU
		{FCD3489F-48AD-4EE0-96B5-E70A70CE6E5A}.Ad-Hoc|ARM.Deploy.0 = Release|Any CPU
		{FCD3489F-48AD-4EE0-96B5-E70A70CE6E5A}.Ad-Hoc|iPhone.ActiveCfg = Release|Any CPU
		{FCD3489F-48AD-4EE0-96B5-E70A70CE6E5A}.Ad-Hoc|iPhone.Build.0 = Release|Any CPU
		{FCD3489F-48AD-4EE0-96B5-E70A70CE6E5A}.Ad-Hoc|iPhone.Deploy.0 = Release|Any CPU
		{FCD3489F-48AD-4EE0-96B5-E70A70CE6E5A}.Ad-Hoc|iPhoneSimulator.ActiveCfg = Release|Any CPU
		{FCD3489F-48AD-4EE0-96B5-E70A70CE6E5A}.Ad-Hoc|iPhoneSimulator.Build.0 = Release|Any CPU
		{FCD3489F-48AD-4EE0-96B5-E70A70CE6E5A}.Ad-Hoc|iPhoneSimulator.Deploy.0 = Release|Any CPU
		{FCD3489F-48AD-4EE0-96B5-E70A70CE6E5A}.Ad-Hoc|x64.ActiveCfg = Release|Any CPU
		{FCD3489F-48AD-4EE0-96B5-E70A70CE6E5A}.Ad-Hoc|x64.Build.0 = Release|Any CPU
		{FCD3489F-48AD-4EE0-96B5-E70A70CE6E5A}.Ad-Hoc|x64.Deploy.0 = Release|Any CPU
		{FCD3489F-48AD-4EE0-96B5-E70A70CE6E5A}.Ad-Hoc|x86.ActiveCfg = Release|Any CPU
		{FCD3489F-48AD-4EE0-96B5-E70A70CE6E5A}.Ad-Hoc|x86.Build.0 = Release|Any CPU
		{FCD3489F-48AD-4EE0-96B5-E70A70CE6E5A}.Ad-Hoc|x86.Deploy.0 = Release|Any CPU
		{FCD3489F-48AD-4EE0-96B5-E70A70CE6E5A}.AppStore|Any CPU.ActiveCfg = Release|Any CPU
		{FCD3489F-48AD-4EE0-96B5-E70A70CE6E5A}.AppStore|Any CPU.Build.0 = Release|Any CPU
		{FCD3489F-48AD-4EE0-96B5-E70A70CE6E5A}.AppStore|Any CPU.Deploy.0 = Release|Any CPU
		{FCD3489F-48AD-4EE0-96B5-E70A70CE6E5A}.AppStore|ARM.ActiveCfg = Release|Any CPU
		{FCD3489F-48AD-4EE0-96B5-E70A70CE6E5A}.AppStore|ARM.Build.0 = Release|Any CPU
		{FCD3489F-48AD-4EE0-96B5-E70A70CE6E5A}.AppStore|ARM.Deploy.0 = Release|Any CPU
		{FCD3489F-48AD-4EE0-96B5-E70A70CE6E5A}.AppStore|iPhone.ActiveCfg = Release|Any CPU
		{FCD3489F-48AD-4EE0-96B5-E70A70CE6E5A}.AppStore|iPhone.Build.0 = Release|Any CPU
		{FCD3489F-48AD-4EE0-96B5-E70A70CE6E5A}.AppStore|iPhone.Deploy.0 = Release|Any CPU
		{FCD3489F-48AD-4EE0-96B5-E70A70CE6E5A}.AppStore|iPhoneSimulator.ActiveCfg = Release|Any CPU
		{FCD3489F-48AD-4EE0-96B5-E70A70CE6E5A}.AppStore|iPhoneSimulator.Build.0 = Release|Any CPU
		{FCD3489F-48AD-4EE0-96B5-E70A70CE6E5A}.AppStore|iPhoneSimulator.Deploy.0 = Release|Any CPU
		{FCD3489F-48AD-4EE0-96B5-E70A70CE6E5A}.AppStore|x64.ActiveCfg = Release|Any CPU
		{FCD3489F-48AD-4EE0-96B5-E70A70CE6E5A}.AppStore|x64.Build.0 = Release|Any CPU
		{FCD3489F-48AD-4EE0-96B5-E70A70CE6E5A}.AppStore|x64.Deploy.0 = Release|Any CPU
		{FCD3489F-48AD-4EE0-96B5-E70A70CE6E5A}.AppStore|x86.ActiveCfg = Release|Any CPU
		{FCD3489F-48AD-4EE0-96B5-E70A70CE6E5A}.AppStore|x86.Build.0 = Release|Any CPU
		{FCD3489F-48AD-4EE0-96B5-E70A70CE6E5A}.AppStore|x86.Deploy.0 = Release|Any CPU
		{FCD3489F-48AD-4EE0-96B5-E70A70CE6E5A}.Debug|Any CPU.ActiveCfg = Debug|Any CPU
		{FCD3489F-48AD-4EE0-96B5-E70A70CE6E5A}.Debug|Any CPU.Build.0 = Debug|Any CPU
		{FCD3489F-48AD-4EE0-96B5-E70A70CE6E5A}.Debug|Any CPU.Deploy.0 = Debug|Any CPU
		{FCD3489F-48AD-4EE0-96B5-E70A70CE6E5A}.Debug|ARM.ActiveCfg = Debug|Any CPU
		{FCD3489F-48AD-4EE0-96B5-E70A70CE6E5A}.Debug|ARM.Build.0 = Debug|Any CPU
		{FCD3489F-48AD-4EE0-96B5-E70A70CE6E5A}.Debug|ARM.Deploy.0 = Debug|Any CPU
		{FCD3489F-48AD-4EE0-96B5-E70A70CE6E5A}.Debug|iPhone.ActiveCfg = Debug|Any CPU
		{FCD3489F-48AD-4EE0-96B5-E70A70CE6E5A}.Debug|iPhone.Build.0 = Debug|Any CPU
		{FCD3489F-48AD-4EE0-96B5-E70A70CE6E5A}.Debug|iPhone.Deploy.0 = Debug|Any CPU
		{FCD3489F-48AD-4EE0-96B5-E70A70CE6E5A}.Debug|iPhoneSimulator.ActiveCfg = Debug|Any CPU
		{FCD3489F-48AD-4EE0-96B5-E70A70CE6E5A}.Debug|iPhoneSimulator.Build.0 = Debug|Any CPU
		{FCD3489F-48AD-4EE0-96B5-E70A70CE6E5A}.Debug|iPhoneSimulator.Deploy.0 = Debug|Any CPU
		{FCD3489F-48AD-4EE0-96B5-E70A70CE6E5A}.Debug|x64.ActiveCfg = Debug|Any CPU
		{FCD3489F-48AD-4EE0-96B5-E70A70CE6E5A}.Debug|x64.Build.0 = Debug|Any CPU
		{FCD3489F-48AD-4EE0-96B5-E70A70CE6E5A}.Debug|x64.Deploy.0 = Debug|Any CPU
		{FCD3489F-48AD-4EE0-96B5-E70A70CE6E5A}.Debug|x86.ActiveCfg = Debug|Any CPU
		{FCD3489F-48AD-4EE0-96B5-E70A70CE6E5A}.Debug|x86.Build.0 = Debug|Any CPU
		{FCD3489F-48AD-4EE0-96B5-E70A70CE6E5A}.Debug|x86.Deploy.0 = Debug|Any CPU
		{FCD3489F-48AD-4EE0-96B5-E70A70CE6E5A}.Release|Any CPU.ActiveCfg = Release|Any CPU
		{FCD3489F-48AD-4EE0-96B5-E70A70CE6E5A}.Release|Any CPU.Build.0 = Release|Any CPU
		{FCD3489F-48AD-4EE0-96B5-E70A70CE6E5A}.Release|Any CPU.Deploy.0 = Release|Any CPU
		{FCD3489F-48AD-4EE0-96B5-E70A70CE6E5A}.Release|ARM.ActiveCfg = Release|Any CPU
		{FCD3489F-48AD-4EE0-96B5-E70A70CE6E5A}.Release|ARM.Build.0 = Release|Any CPU
		{FCD3489F-48AD-4EE0-96B5-E70A70CE6E5A}.Release|ARM.Deploy.0 = Release|Any CPU
		{FCD3489F-48AD-4EE0-96B5-E70A70CE6E5A}.Release|iPhone.ActiveCfg = Release|Any CPU
		{FCD3489F-48AD-4EE0-96B5-E70A70CE6E5A}.Release|iPhone.Build.0 = Release|Any CPU
		{FCD3489F-48AD-4EE0-96B5-E70A70CE6E5A}.Release|iPhone.Deploy.0 = Release|Any CPU
		{FCD3489F-48AD-4EE0-96B5-E70A70CE6E5A}.Release|iPhoneSimulator.ActiveCfg = Release|Any CPU
		{FCD3489F-48AD-4EE0-96B5-E70A70CE6E5A}.Release|iPhoneSimulator.Build.0 = Release|Any CPU
		{FCD3489F-48AD-4EE0-96B5-E70A70CE6E5A}.Release|iPhoneSimulator.Deploy.0 = Release|Any CPU
		{FCD3489F-48AD-4EE0-96B5-E70A70CE6E5A}.Release|x64.ActiveCfg = Release|Any CPU
		{FCD3489F-48AD-4EE0-96B5-E70A70CE6E5A}.Release|x64.Build.0 = Release|Any CPU
		{FCD3489F-48AD-4EE0-96B5-E70A70CE6E5A}.Release|x64.Deploy.0 = Release|Any CPU
		{FCD3489F-48AD-4EE0-96B5-E70A70CE6E5A}.Release|x86.ActiveCfg = Release|Any CPU
		{FCD3489F-48AD-4EE0-96B5-E70A70CE6E5A}.Release|x86.Build.0 = Release|Any CPU
		{FCD3489F-48AD-4EE0-96B5-E70A70CE6E5A}.Release|x86.Deploy.0 = Release|Any CPU
		{70E99871-57A7-49C4-9449-C8482C6EA404}.Ad-Hoc|Any CPU.ActiveCfg = Release|Any CPU
		{70E99871-57A7-49C4-9449-C8482C6EA404}.Ad-Hoc|Any CPU.Build.0 = Release|Any CPU
		{70E99871-57A7-49C4-9449-C8482C6EA404}.Ad-Hoc|ARM.ActiveCfg = Release|Any CPU
		{70E99871-57A7-49C4-9449-C8482C6EA404}.Ad-Hoc|ARM.Build.0 = Release|Any CPU
		{70E99871-57A7-49C4-9449-C8482C6EA404}.Ad-Hoc|iPhone.ActiveCfg = Release|Any CPU
		{70E99871-57A7-49C4-9449-C8482C6EA404}.Ad-Hoc|iPhone.Build.0 = Release|Any CPU
		{70E99871-57A7-49C4-9449-C8482C6EA404}.Ad-Hoc|iPhoneSimulator.ActiveCfg = Release|Any CPU
		{70E99871-57A7-49C4-9449-C8482C6EA404}.Ad-Hoc|iPhoneSimulator.Build.0 = Release|Any CPU
		{70E99871-57A7-49C4-9449-C8482C6EA404}.Ad-Hoc|x64.ActiveCfg = Release|Any CPU
		{70E99871-57A7-49C4-9449-C8482C6EA404}.Ad-Hoc|x64.Build.0 = Release|Any CPU
		{70E99871-57A7-49C4-9449-C8482C6EA404}.Ad-Hoc|x86.ActiveCfg = Release|Any CPU
		{70E99871-57A7-49C4-9449-C8482C6EA404}.Ad-Hoc|x86.Build.0 = Release|Any CPU
		{70E99871-57A7-49C4-9449-C8482C6EA404}.AppStore|Any CPU.ActiveCfg = Release|Any CPU
		{70E99871-57A7-49C4-9449-C8482C6EA404}.AppStore|Any CPU.Build.0 = Release|Any CPU
		{70E99871-57A7-49C4-9449-C8482C6EA404}.AppStore|ARM.ActiveCfg = Release|Any CPU
		{70E99871-57A7-49C4-9449-C8482C6EA404}.AppStore|ARM.Build.0 = Release|Any CPU
		{70E99871-57A7-49C4-9449-C8482C6EA404}.AppStore|iPhone.ActiveCfg = Release|Any CPU
		{70E99871-57A7-49C4-9449-C8482C6EA404}.AppStore|iPhone.Build.0 = Release|Any CPU
		{70E99871-57A7-49C4-9449-C8482C6EA404}.AppStore|iPhoneSimulator.ActiveCfg = Release|Any CPU
		{70E99871-57A7-49C4-9449-C8482C6EA404}.AppStore|iPhoneSimulator.Build.0 = Release|Any CPU
		{70E99871-57A7-49C4-9449-C8482C6EA404}.AppStore|x64.ActiveCfg = Release|Any CPU
		{70E99871-57A7-49C4-9449-C8482C6EA404}.AppStore|x64.Build.0 = Release|Any CPU
		{70E99871-57A7-49C4-9449-C8482C6EA404}.AppStore|x86.ActiveCfg = Release|Any CPU
		{70E99871-57A7-49C4-9449-C8482C6EA404}.AppStore|x86.Build.0 = Release|Any CPU
		{70E99871-57A7-49C4-9449-C8482C6EA404}.Debug|Any CPU.ActiveCfg = Debug|Any CPU
		{70E99871-57A7-49C4-9449-C8482C6EA404}.Debug|Any CPU.Build.0 = Debug|Any CPU
		{70E99871-57A7-49C4-9449-C8482C6EA404}.Debug|ARM.ActiveCfg = Debug|Any CPU
		{70E99871-57A7-49C4-9449-C8482C6EA404}.Debug|ARM.Build.0 = Debug|Any CPU
		{70E99871-57A7-49C4-9449-C8482C6EA404}.Debug|iPhone.ActiveCfg = Debug|Any CPU
		{70E99871-57A7-49C4-9449-C8482C6EA404}.Debug|iPhone.Build.0 = Debug|Any CPU
		{70E99871-57A7-49C4-9449-C8482C6EA404}.Debug|iPhoneSimulator.ActiveCfg = Debug|Any CPU
		{70E99871-57A7-49C4-9449-C8482C6EA404}.Debug|iPhoneSimulator.Build.0 = Debug|Any CPU
		{70E99871-57A7-49C4-9449-C8482C6EA404}.Debug|x64.ActiveCfg = Debug|Any CPU
		{70E99871-57A7-49C4-9449-C8482C6EA404}.Debug|x64.Build.0 = Debug|Any CPU
		{70E99871-57A7-49C4-9449-C8482C6EA404}.Debug|x86.ActiveCfg = Debug|Any CPU
		{70E99871-57A7-49C4-9449-C8482C6EA404}.Debug|x86.Build.0 = Debug|Any CPU
		{70E99871-57A7-49C4-9449-C8482C6EA404}.Release|Any CPU.ActiveCfg = Release|Any CPU
		{70E99871-57A7-49C4-9449-C8482C6EA404}.Release|Any CPU.Build.0 = Release|Any CPU
		{70E99871-57A7-49C4-9449-C8482C6EA404}.Release|ARM.ActiveCfg = Release|Any CPU
		{70E99871-57A7-49C4-9449-C8482C6EA404}.Release|ARM.Build.0 = Release|Any CPU
		{70E99871-57A7-49C4-9449-C8482C6EA404}.Release|iPhone.ActiveCfg = Release|Any CPU
		{70E99871-57A7-49C4-9449-C8482C6EA404}.Release|iPhone.Build.0 = Release|Any CPU
		{70E99871-57A7-49C4-9449-C8482C6EA404}.Release|iPhoneSimulator.ActiveCfg = Release|Any CPU
		{70E99871-57A7-49C4-9449-C8482C6EA404}.Release|iPhoneSimulator.Build.0 = Release|Any CPU
		{70E99871-57A7-49C4-9449-C8482C6EA404}.Release|x64.ActiveCfg = Release|Any CPU
		{70E99871-57A7-49C4-9449-C8482C6EA404}.Release|x64.Build.0 = Release|Any CPU
		{70E99871-57A7-49C4-9449-C8482C6EA404}.Release|x86.ActiveCfg = Release|Any CPU
		{70E99871-57A7-49C4-9449-C8482C6EA404}.Release|x86.Build.0 = Release|Any CPU
		{CE97685C-644D-49C8-8AB9-90F604ED71DB}.Ad-Hoc|Any CPU.ActiveCfg = Release|x86
		{CE97685C-644D-49C8-8AB9-90F604ED71DB}.Ad-Hoc|Any CPU.Build.0 = Release|x86
		{CE97685C-644D-49C8-8AB9-90F604ED71DB}.Ad-Hoc|Any CPU.Deploy.0 = Release|x86
		{CE97685C-644D-49C8-8AB9-90F604ED71DB}.Ad-Hoc|ARM.ActiveCfg = Release|ARM
		{CE97685C-644D-49C8-8AB9-90F604ED71DB}.Ad-Hoc|ARM.Build.0 = Release|ARM
		{CE97685C-644D-49C8-8AB9-90F604ED71DB}.Ad-Hoc|ARM.Deploy.0 = Release|ARM
		{CE97685C-644D-49C8-8AB9-90F604ED71DB}.Ad-Hoc|iPhone.ActiveCfg = Release|x86
		{CE97685C-644D-49C8-8AB9-90F604ED71DB}.Ad-Hoc|iPhone.Build.0 = Release|x86
		{CE97685C-644D-49C8-8AB9-90F604ED71DB}.Ad-Hoc|iPhone.Deploy.0 = Release|x86
		{CE97685C-644D-49C8-8AB9-90F604ED71DB}.Ad-Hoc|iPhoneSimulator.ActiveCfg = Release|x86
		{CE97685C-644D-49C8-8AB9-90F604ED71DB}.Ad-Hoc|iPhoneSimulator.Build.0 = Release|x86
		{CE97685C-644D-49C8-8AB9-90F604ED71DB}.Ad-Hoc|iPhoneSimulator.Deploy.0 = Release|x86
		{CE97685C-644D-49C8-8AB9-90F604ED71DB}.Ad-Hoc|x64.ActiveCfg = Release|x64
		{CE97685C-644D-49C8-8AB9-90F604ED71DB}.Ad-Hoc|x64.Build.0 = Release|x64
		{CE97685C-644D-49C8-8AB9-90F604ED71DB}.Ad-Hoc|x64.Deploy.0 = Release|x64
		{CE97685C-644D-49C8-8AB9-90F604ED71DB}.Ad-Hoc|x86.ActiveCfg = Release|x86
		{CE97685C-644D-49C8-8AB9-90F604ED71DB}.Ad-Hoc|x86.Build.0 = Release|x86
		{CE97685C-644D-49C8-8AB9-90F604ED71DB}.Ad-Hoc|x86.Deploy.0 = Release|x86
		{CE97685C-644D-49C8-8AB9-90F604ED71DB}.AppStore|Any CPU.ActiveCfg = Release|x86
		{CE97685C-644D-49C8-8AB9-90F604ED71DB}.AppStore|Any CPU.Build.0 = Release|x86
		{CE97685C-644D-49C8-8AB9-90F604ED71DB}.AppStore|Any CPU.Deploy.0 = Release|x86
		{CE97685C-644D-49C8-8AB9-90F604ED71DB}.AppStore|ARM.ActiveCfg = Release|ARM
		{CE97685C-644D-49C8-8AB9-90F604ED71DB}.AppStore|ARM.Build.0 = Release|ARM
		{CE97685C-644D-49C8-8AB9-90F604ED71DB}.AppStore|ARM.Deploy.0 = Release|ARM
		{CE97685C-644D-49C8-8AB9-90F604ED71DB}.AppStore|iPhone.ActiveCfg = Release|x86
		{CE97685C-644D-49C8-8AB9-90F604ED71DB}.AppStore|iPhone.Build.0 = Release|x86
		{CE97685C-644D-49C8-8AB9-90F604ED71DB}.AppStore|iPhone.Deploy.0 = Release|x86
		{CE97685C-644D-49C8-8AB9-90F604ED71DB}.AppStore|iPhoneSimulator.ActiveCfg = Release|x86
		{CE97685C-644D-49C8-8AB9-90F604ED71DB}.AppStore|iPhoneSimulator.Build.0 = Release|x86
		{CE97685C-644D-49C8-8AB9-90F604ED71DB}.AppStore|iPhoneSimulator.Deploy.0 = Release|x86
		{CE97685C-644D-49C8-8AB9-90F604ED71DB}.AppStore|x64.ActiveCfg = Release|x64
		{CE97685C-644D-49C8-8AB9-90F604ED71DB}.AppStore|x64.Build.0 = Release|x64
		{CE97685C-644D-49C8-8AB9-90F604ED71DB}.AppStore|x64.Deploy.0 = Release|x64
		{CE97685C-644D-49C8-8AB9-90F604ED71DB}.AppStore|x86.ActiveCfg = Release|x86
		{CE97685C-644D-49C8-8AB9-90F604ED71DB}.AppStore|x86.Build.0 = Release|x86
		{CE97685C-644D-49C8-8AB9-90F604ED71DB}.AppStore|x86.Deploy.0 = Release|x86
		{CE97685C-644D-49C8-8AB9-90F604ED71DB}.Debug|Any CPU.ActiveCfg = Debug|x86
		{CE97685C-644D-49C8-8AB9-90F604ED71DB}.Debug|ARM.ActiveCfg = Debug|ARM
		{CE97685C-644D-49C8-8AB9-90F604ED71DB}.Debug|ARM.Build.0 = Debug|ARM
		{CE97685C-644D-49C8-8AB9-90F604ED71DB}.Debug|ARM.Deploy.0 = Debug|ARM
		{CE97685C-644D-49C8-8AB9-90F604ED71DB}.Debug|iPhone.ActiveCfg = Debug|x86
		{CE97685C-644D-49C8-8AB9-90F604ED71DB}.Debug|iPhoneSimulator.ActiveCfg = Debug|x86
		{CE97685C-644D-49C8-8AB9-90F604ED71DB}.Debug|x64.ActiveCfg = Debug|x64
		{CE97685C-644D-49C8-8AB9-90F604ED71DB}.Debug|x64.Build.0 = Debug|x64
		{CE97685C-644D-49C8-8AB9-90F604ED71DB}.Debug|x64.Deploy.0 = Debug|x64
		{CE97685C-644D-49C8-8AB9-90F604ED71DB}.Debug|x86.ActiveCfg = Debug|x86
		{CE97685C-644D-49C8-8AB9-90F604ED71DB}.Debug|x86.Build.0 = Debug|x86
		{CE97685C-644D-49C8-8AB9-90F604ED71DB}.Debug|x86.Deploy.0 = Debug|x86
		{CE97685C-644D-49C8-8AB9-90F604ED71DB}.Release|Any CPU.ActiveCfg = Release|x86
		{CE97685C-644D-49C8-8AB9-90F604ED71DB}.Release|ARM.ActiveCfg = Release|ARM
		{CE97685C-644D-49C8-8AB9-90F604ED71DB}.Release|ARM.Build.0 = Release|ARM
		{CE97685C-644D-49C8-8AB9-90F604ED71DB}.Release|ARM.Deploy.0 = Release|ARM
		{CE97685C-644D-49C8-8AB9-90F604ED71DB}.Release|iPhone.ActiveCfg = Release|x86
		{CE97685C-644D-49C8-8AB9-90F604ED71DB}.Release|iPhoneSimulator.ActiveCfg = Release|x86
		{CE97685C-644D-49C8-8AB9-90F604ED71DB}.Release|x64.ActiveCfg = Release|x64
		{CE97685C-644D-49C8-8AB9-90F604ED71DB}.Release|x64.Build.0 = Release|x64
		{CE97685C-644D-49C8-8AB9-90F604ED71DB}.Release|x64.Deploy.0 = Release|x64
		{CE97685C-644D-49C8-8AB9-90F604ED71DB}.Release|x86.ActiveCfg = Release|x86
		{CE97685C-644D-49C8-8AB9-90F604ED71DB}.Release|x86.Build.0 = Release|x86
		{CE97685C-644D-49C8-8AB9-90F604ED71DB}.Release|x86.Deploy.0 = Release|x86
		{08813F3F-9291-4ED1-AB36-E93750BB1D48}.Ad-Hoc|Any CPU.ActiveCfg = Ad-Hoc|iPhone
		{08813F3F-9291-4ED1-AB36-E93750BB1D48}.Ad-Hoc|ARM.ActiveCfg = Ad-Hoc|iPhone
		{08813F3F-9291-4ED1-AB36-E93750BB1D48}.Ad-Hoc|iPhone.ActiveCfg = Ad-Hoc|iPhone
		{08813F3F-9291-4ED1-AB36-E93750BB1D48}.Ad-Hoc|iPhone.Build.0 = Ad-Hoc|iPhone
		{08813F3F-9291-4ED1-AB36-E93750BB1D48}.Ad-Hoc|iPhoneSimulator.ActiveCfg = Ad-Hoc|iPhoneSimulator
		{08813F3F-9291-4ED1-AB36-E93750BB1D48}.Ad-Hoc|iPhoneSimulator.Build.0 = Ad-Hoc|iPhoneSimulator
		{08813F3F-9291-4ED1-AB36-E93750BB1D48}.Ad-Hoc|x64.ActiveCfg = Ad-Hoc|iPhone
		{08813F3F-9291-4ED1-AB36-E93750BB1D48}.Ad-Hoc|x86.ActiveCfg = Ad-Hoc|iPhone
		{08813F3F-9291-4ED1-AB36-E93750BB1D48}.AppStore|Any CPU.ActiveCfg = AppStore|iPhone
		{08813F3F-9291-4ED1-AB36-E93750BB1D48}.AppStore|ARM.ActiveCfg = AppStore|iPhone
		{08813F3F-9291-4ED1-AB36-E93750BB1D48}.AppStore|iPhone.ActiveCfg = AppStore|iPhone
		{08813F3F-9291-4ED1-AB36-E93750BB1D48}.AppStore|iPhone.Build.0 = AppStore|iPhone
		{08813F3F-9291-4ED1-AB36-E93750BB1D48}.AppStore|iPhoneSimulator.ActiveCfg = AppStore|iPhoneSimulator
		{08813F3F-9291-4ED1-AB36-E93750BB1D48}.AppStore|iPhoneSimulator.Build.0 = AppStore|iPhoneSimulator
		{08813F3F-9291-4ED1-AB36-E93750BB1D48}.AppStore|x64.ActiveCfg = AppStore|iPhone
		{08813F3F-9291-4ED1-AB36-E93750BB1D48}.AppStore|x86.ActiveCfg = AppStore|iPhone
		{08813F3F-9291-4ED1-AB36-E93750BB1D48}.Debug|Any CPU.ActiveCfg = Debug|iPhone
		{08813F3F-9291-4ED1-AB36-E93750BB1D48}.Debug|ARM.ActiveCfg = Debug|iPhone
		{08813F3F-9291-4ED1-AB36-E93750BB1D48}.Debug|iPhone.ActiveCfg = Debug|iPhone
		{08813F3F-9291-4ED1-AB36-E93750BB1D48}.Debug|iPhone.Build.0 = Debug|iPhone
		{08813F3F-9291-4ED1-AB36-E93750BB1D48}.Debug|iPhoneSimulator.ActiveCfg = Debug|iPhoneSimulator
		{08813F3F-9291-4ED1-AB36-E93750BB1D48}.Debug|iPhoneSimulator.Build.0 = Debug|iPhoneSimulator
		{08813F3F-9291-4ED1-AB36-E93750BB1D48}.Debug|x64.ActiveCfg = Debug|iPhone
		{08813F3F-9291-4ED1-AB36-E93750BB1D48}.Debug|x86.ActiveCfg = Debug|iPhone
		{08813F3F-9291-4ED1-AB36-E93750BB1D48}.Release|Any CPU.ActiveCfg = Release|iPhone
		{08813F3F-9291-4ED1-AB36-E93750BB1D48}.Release|ARM.ActiveCfg = Release|iPhone
		{08813F3F-9291-4ED1-AB36-E93750BB1D48}.Release|iPhone.ActiveCfg = Release|iPhone
		{08813F3F-9291-4ED1-AB36-E93750BB1D48}.Release|iPhone.Build.0 = Release|iPhone
		{08813F3F-9291-4ED1-AB36-E93750BB1D48}.Release|iPhoneSimulator.ActiveCfg = Release|iPhoneSimulator
		{08813F3F-9291-4ED1-AB36-E93750BB1D48}.Release|iPhoneSimulator.Build.0 = Release|iPhoneSimulator
		{08813F3F-9291-4ED1-AB36-E93750BB1D48}.Release|x64.ActiveCfg = Release|iPhone
		{08813F3F-9291-4ED1-AB36-E93750BB1D48}.Release|x86.ActiveCfg = Release|iPhone
	EndGlobalSection
	GlobalSection(SolutionProperties) = preSolution
		HideSolutionNode = FALSE
	EndGlobalSection
EndGlobal
